github.com/albinj12/unique-id v1.1.0 h1:RprxwWAr3XL59DAQqHru20RP/ftFVZg4QXF33zegJc0=
github.com/albinj12/unique-id v1.1.0/go.mod h1:KSOI/66/u11lhKRejXptDk5tJl1id1NknpnPE4aJPrM=
github.com/google/uuid v1.6.0 h1:NIvaJDMOsjHA8n1jAhLSgzrAzy1Hgr+hNrb57e+94F0=
github.com/google/uuid v1.6.0/go.mod h1:TIyPZe4MgqvfeYDBFedMoGGpEw/LqOeaOT+nhxU+yHo=
